
Microsoft Visual Studio Solution File, Format Version 12.00
# Visual Studio Version 17
VisualStudioVersion = 17.6.33815.320
MinimumVisualStudioVersion = 10.0.40219.1
Project("{9A19103F-16F7-4668-BE54-9A1E7A4F7556}") = "IKitaplik.Entities", "IKitaplik.Entities\IKitaplik.Entities.csproj", "{8DE1A955-D5DF-4F70-94B9-8F435CE9FEAC}"
EndProject
Project("{9A19103F-16F7-4668-BE54-9A1E7A4F7556}") = "IKitaplik.DataAccess", "IKitaplik.DataAccess\IKitaplik.DataAccess.csproj", "{9EC28595-404C-4380-932D-80E77996C229}"
EndProject
Project("{9A19103F-16F7-4668-BE54-9A1E7A4F7556}") = "IKitaplik.Business", "IKitaplik.Business\IKitaplik.Business.csproj", "{F5FB4BE2-382F-4A69-92D8-314ECF92BA72}"
EndProject
Project("{9A19103F-16F7-4668-BE54-9A1E7A4F7556}") = "Core", "Core\Core.csproj", "{C9225FAD-6813-498B-BCF9-A82CC9F45766}"
EndProject
Project("{FAE04EC0-301F-11D3-BF4B-00C04F79EFBC}") = "IKitaplik.Api", "IKitaplik.Api\IKitaplik.Api.csproj", "{078DEDCB-5EBD-4AE3-801F-7F06800DA66A}"
EndProject
Project("{FAE04EC0-301F-11D3-BF4B-00C04F79EFBC}") = "IKitaplik.BlazorUI", "IKitaplik.BlazorUI\IKitaplik.BlazorUI.csproj", "{C210A868-D03C-4135-8825-724D446EFE8A}"
EndProject
Project("{2150E333-8FDC-42A3-9474-1A3956D46DE8}") = "backend", "backend", "{02EA681E-C7D8-13C7-8484-4AC65E1B71E8}"
EndProject
Project("{2150E333-8FDC-42A3-9474-1A3956D46DE8}") = "frontend", "frontend", "{CD42F5DB-486C-443F-A5E8-7226DBAE15BB}"
EndProject
Global
	GlobalSection(SolutionConfigurationPlatforms) = preSolution
		Debug|Any CPU = Debug|Any CPU
		Release|Any CPU = Release|Any CPU
	EndGlobalSection
	GlobalSection(ProjectConfigurationPlatforms) = postSolution
		{8DE1A955-D5DF-4F70-94B9-8F435CE9FEAC}.Debug|Any CPU.ActiveCfg = Debug|Any CPU
		{8DE1A955-D5DF-4F70-94B9-8F435CE9FEAC}.Debug|Any CPU.Build.0 = Debug|Any CPU
		{8DE1A955-D5DF-4F70-94B9-8F435CE9FEAC}.Release|Any CPU.ActiveCfg = Release|Any CPU
		{8DE1A955-D5DF-4F70-94B9-8F435CE9FEAC}.Release|Any CPU.Build.0 = Release|Any CPU
		{9EC28595-404C-4380-932D-80E77996C229}.Debug|Any CPU.ActiveCfg = Debug|Any CPU
		{9EC28595-404C-4380-932D-80E77996C229}.Debug|Any CPU.Build.0 = Debug|Any CPU
		{9EC28595-404C-4380-932D-80E77996C229}.Release|Any CPU.ActiveCfg = Release|Any CPU
		{9EC28595-404C-4380-932D-80E77996C229}.Release|Any CPU.Build.0 = Release|Any CPU
		{F5FB4BE2-382F-4A69-92D8-314ECF92BA72}.Debug|Any CPU.ActiveCfg = Debug|Any CPU
		{F5FB4BE2-382F-4A69-92D8-314ECF92BA72}.Debug|Any CPU.Build.0 = Debug|Any CPU
		{F5FB4BE2-382F-4A69-92D8-314ECF92BA72}.Release|Any CPU.ActiveCfg = Release|Any CPU
		{F5FB4BE2-382F-4A69-92D8-314ECF92BA72}.Release|Any CPU.Build.0 = Release|Any CPU
		{C9225FAD-6813-498B-BCF9-A82CC9F45766}.Debug|Any CPU.ActiveCfg = Debug|Any CPU
		{C9225FAD-6813-498B-BCF9-A82CC9F45766}.Debug|Any CPU.Build.0 = Debug|Any CPU
		{C9225FAD-6813-498B-BCF9-A82CC9F45766}.Release|Any CPU.ActiveCfg = Release|Any CPU
		{C9225FAD-6813-498B-BCF9-A82CC9F45766}.Release|Any CPU.Build.0 = Release|Any CPU
		{078DEDCB-5EBD-4AE3-801F-7F06800DA66A}.Debug|Any CPU.ActiveCfg = Debug|Any CPU
		{078DEDCB-5EBD-4AE3-801F-7F06800DA66A}.Debug|Any CPU.Build.0 = Debug|Any CPU
		{078DEDCB-5EBD-4AE3-801F-7F06800DA66A}.Release|Any CPU.ActiveCfg = Release|Any CPU
		{078DEDCB-5EBD-4AE3-801F-7F06800DA66A}.Release|Any CPU.Build.0 = Release|Any CPU
		{C210A868-D03C-4135-8825-724D446EFE8A}.Debug|Any CPU.ActiveCfg = Debug|Any CPU
		{C210A868-D03C-4135-8825-724D446EFE8A}.Debug|Any CPU.Build.0 = Debug|Any CPU
		{C210A868-D03C-4135-8825-724D446EFE8A}.Release|Any CPU.ActiveCfg = Release|Any CPU
		{C210A868-D03C-4135-8825-724D446EFE8A}.Release|Any CPU.Build.0 = Release|Any CPU
	EndGlobalSection
	GlobalSection(SolutionProperties) = preSolution
		HideSolutionNode = FALSE
	EndGlobalSection
	GlobalSection(ExtensibilityGlobals) = postSolution
		SolutionGuid = {CCDB4350-3695-4E45-A82B-1451A0F10A26}
	EndGlobalSection
EndGlobal
